
Microsoft Visual Studio Solution File, Format Version 12.00
# Visual Studio Version 17
VisualStudioVersion = 17.7.34031.279
MinimumVisualStudioVersion = 10.0.40219.1
Project("{FAE04EC0-301F-11D3-BF4B-00C04F79EFBC}") = "TfL Demo", "TfL Demo\TfL Demo.csproj", "{A3B4AF72-F061-40D4-9FDC-648B542E34C5}"
EndProject
Project("{FAE04EC0-301F-11D3-BF4B-00C04F79EFBC}") = "ClientScript", "ClientScript\ClientScript.csproj", "{47B75B80-8660-4321-98F8-DFA59CBCF996}"
EndProject
Global
	GlobalSection(SolutionConfigurationPlatforms) = preSolution
		Debug|Any CPU = Debug|Any CPU
		Release|Any CPU = Release|Any CPU
	EndGlobalSection
	GlobalSection(ProjectConfigurationPlatforms) = postSolution
		{A3B4AF72-F061-40D4-9FDC-648B542E34C5}.Debug|Any CPU.ActiveCfg = Debug|Any CPU
		{A3B4AF72-F061-40D4-9FDC-648B542E34C5}.Debug|Any CPU.Build.0 = Debug|Any CPU
		{A3B4AF72-F061-40D4-9FDC-648B542E34C5}.Release|Any CPU.ActiveCfg = Release|Any CPU
		{A3B4AF72-F061-40D4-9FDC-648B542E34C5}.Release|Any CPU.Build.0 = Release|Any CPU
		{47B75B80-8660-4321-98F8-DFA59CBCF996}.Debug|Any CPU.ActiveCfg = Debug|Any CPU
		{47B75B80-8660-4321-98F8-DFA59CBCF996}.Debug|Any CPU.Build.0 = Debug|Any CPU
		{47B75B80-8660-4321-98F8-DFA59CBCF996}.Release|Any CPU.ActiveCfg = Release|Any CPU
		{47B75B80-8660-4321-98F8-DFA59CBCF996}.Release|Any CPU.Build.0 = Release|Any CPU
	EndGlobalSection
	GlobalSection(SolutionProperties) = preSolution
		HideSolutionNode = FALSE
	EndGlobalSection
	GlobalSection(ExtensibilityGlobals) = postSolution
		SolutionGuid = {B89271D1-34EC-45D7-BE22-328876456B18}
	EndGlobalSection
EndGlobal
